// !$*UTF8*$!
{
	archiveVersion = 1;
	classes = {
	};
	objectVersion = 55;
	objects = {

/* Begin PBXBuildFile section */
		EC57E3E3280E397C00ED789D /* AppDelegate.swift in Sources */ = {isa = PBXBuildFile; fileRef = EC57E3E2280E397C00ED789D /* AppDelegate.swift */; };
		EC57E3E5280E397C00ED789D /* SceneDelegate.swift in Sources */ = {isa = PBXBuildFile; fileRef = EC57E3E4280E397C00ED789D /* SceneDelegate.swift */; };
		EC57E3E7280E397C00ED789D /* ViewController.swift in Sources */ = {isa = PBXBuildFile; fileRef = EC57E3E6280E397C00ED789D /* ViewController.swift */; };
		EC57E3EA280E397C00ED789D /* Main.storyboard in Resources */ = {isa = PBXBuildFile; fileRef = EC57E3E8280E397C00ED789D /* Main.storyboard */; };
		EC57E3EC280E397C00ED789D /* Assets.xcassets in Resources */ = {isa = PBXBuildFile; fileRef = EC57E3EB280E397C00ED789D /* Assets.xcassets */; };
		EC57E3EF280E397C00ED789D /* LaunchScreen.storyboard in Resources */ = {isa = PBXBuildFile; fileRef = EC57E3ED280E397C00ED789D /* LaunchScreen.storyboard */; };
		EC57E3F9280E399F00ED789D /* UIView+Extension.swift in Sources */ = {isa = PBXBuildFile; fileRef = EC57E3F6280E399F00ED789D /* UIView+Extension.swift */; };
		EC57E3FA280E399F00ED789D /* UIHeyJudeTextField.swift in Sources */ = {isa = PBXBuildFile; fileRef = EC57E3F7280E399F00ED789D /* UIHeyJudeTextField.swift */; };
		EC57E3FB280E399F00ED789D /* UsesAutoLayout.swift in Sources */ = {isa = PBXBuildFile; fileRef = EC57E3F8280E399F00ED789D /* UsesAutoLayout.swift */; };
		EC57E3FD280E3B3C00ED789D /* RegisterViewController.swift in Sources */ = {isa = PBXBuildFile; fileRef = EC57E3FC280E3B3C00ED789D /* RegisterViewController.swift */; };
		EC57E40C2811E33800ED789D /* DropDownCell.swift in Sources */ = {isa = PBXBuildFile; fileRef = EC57E40A2811E33800ED789D /* DropDownCell.swift */; };
		EC57E40D2811E33800ED789D /* DropDownTextField.swift in Sources */ = {isa = PBXBuildFile; fileRef = EC57E40B2811E33800ED789D /* DropDownTextField.swift */; };
		EC8C0F46281218580056867F /* UITextField+Extension.swift in Sources */ = {isa = PBXBuildFile; fileRef = EC8C0F45281218580056867F /* UITextField+Extension.swift */; };
/* End PBXBuildFile section */

/* Begin PBXFileReference section */
		EC57E3DF280E397C00ED789D /* ProyectoMoy.app */ = {isa = PBXFileReference; explicitFileType = wrapper.application; includeInIndex = 0; path = ProyectoMoy.app; sourceTree = BUILT_PRODUCTS_DIR; };
		EC57E3E2280E397C00ED789D /* AppDelegate.swift */ = {isa = PBXFileReference; lastKnownFileType = sourcecode.swift; path = AppDelegate.swift; sourceTree = "<group>"; };
		EC57E3E4280E397C00ED789D /* SceneDelegate.swift */ = {isa = PBXFileReference; lastKnownFileType = sourcecode.swift; path = SceneDelegate.swift; sourceTree = "<group>"; };
		EC57E3E6280E397C00ED789D /* ViewController.swift */ = {isa = PBXFileReference; lastKnownFileType = sourcecode.swift; path = ViewController.swift; sourceTree = "<group>"; };
		EC57E3E9280E397C00ED789D /* Base */ = {isa = PBXFileReference; lastKnownFileType = file.storyboard; name = Base; path = Base.lproj/Main.storyboard; sourceTree = "<group>"; };
		EC57E3EB280E397C00ED789D /* Assets.xcassets */ = {isa = PBXFileReference; lastKnownFileType = folder.assetcatalog; path = Assets.xcassets; sourceTree = "<group>"; };
		EC57E3EE280E397C00ED789D /* Base */ = {isa = PBXFileReference; lastKnownFileType = file.storyboard; name = Base; path = Base.lproj/LaunchScreen.storyboard; sourceTree = "<group>"; };
		EC57E3F0280E397C00ED789D /* Info.plist */ = {isa = PBXFileReference; lastKnownFileType = text.plist.xml; path = Info.plist; sourceTree = "<group>"; };
		EC57E3F6280E399F00ED789D /* UIView+Extension.swift */ = {isa = PBXFileReference; fileEncoding = 4; lastKnownFileType = sourcecode.swift; path = "UIView+Extension.swift"; sourceTree = "<group>"; };
		EC57E3F7280E399F00ED789D /* UIHeyJudeTextField.swift */ = {isa = PBXFileReference; fileEncoding = 4; lastKnownFileType = sourcecode.swift; path = UIHeyJudeTextField.swift; sourceTree = "<group>"; };
		EC57E3F8280E399F00ED789D /* UsesAutoLayout.swift */ = {isa = PBXFileReference; fileEncoding = 4; lastKnownFileType = sourcecode.swift; path = UsesAutoLayout.swift; sourceTree = "<group>"; };
		EC57E3FC280E3B3C00ED789D /* RegisterViewController.swift */ = {isa = PBXFileReference; lastKnownFileType = sourcecode.swift; path = RegisterViewController.swift; sourceTree = "<group>"; };
		EC57E40A2811E33800ED789D /* DropDownCell.swift */ = {isa = PBXFileReference; fileEncoding = 4; lastKnownFileType = sourcecode.swift; path = DropDownCell.swift; sourceTree = "<group>"; };
		EC57E40B2811E33800ED789D /* DropDownTextField.swift */ = {isa = PBXFileReference; fileEncoding = 4; lastKnownFileType = sourcecode.swift; path = DropDownTextField.swift; sourceTree = "<group>"; };
		EC8C0F45281218580056867F /* UITextField+Extension.swift */ = {isa = PBXFileReference; lastKnownFileType = sourcecode.swift; path = "UITextField+Extension.swift"; sourceTree = "<group>"; };
/* End PBXFileReference section */

/* Begin PBXFrameworksBuildPhase section */
		EC57E3DC280E397C00ED789D /* Frameworks */ = {
			isa = PBXFrameworksBuildPhase;
			buildActionMask = 2147483647;
			files = (
			);
			runOnlyForDeploymentPostprocessing = 0;
		};
/* End PBXFrameworksBuildPhase section */

/* Begin PBXGroup section */
		EC57E3D6280E397C00ED789D = {
			isa = PBXGroup;
			children = (
				EC57E3E1280E397C00ED789D /* ProyectoMoy */,
				EC57E3E0280E397C00ED789D /* Products */,
			);
			sourceTree = "<group>";
		};
		EC57E3E0280E397C00ED789D /* Products */ = {
			isa = PBXGroup;
			children = (
				EC57E3DF280E397C00ED789D /* ProyectoMoy.app */,
			);
			name = Products;
			sourceTree = "<group>";
		};
		EC57E3E1280E397C00ED789D /* ProyectoMoy */ = {
			isa = PBXGroup;
			children = (
				EC57E3E2280E397C00ED789D /* AppDelegate.swift */,
				EC57E3E4280E397C00ED789D /* SceneDelegate.swift */,
				EC57E3E6280E397C00ED789D /* ViewController.swift */,
				EC57E4092811E33800ED789D /* View */,
				EC57E4042811E31A00ED789D /* Extensions */,
				EC57E3F7280E399F00ED789D /* UIHeyJudeTextField.swift */,
				EC57E3F8280E399F00ED789D /* UsesAutoLayout.swift */,
				EC57E3E8280E397C00ED789D /* Main.storyboard */,
				EC57E3EB280E397C00ED789D /* Assets.xcassets */,
				EC57E3ED280E397C00ED789D /* LaunchScreen.storyboard */,
				EC57E3F0280E397C00ED789D /* Info.plist */,
			);
			path = ProyectoMoy;
			sourceTree = "<group>";
		};
		EC57E4042811E31A00ED789D /* Extensions */ = {
			isa = PBXGroup;
			children = (
				EC57E3F6280E399F00ED789D /* UIView+Extension.swift */,
				EC8C0F45281218580056867F /* UITextField+Extension.swift */,
			);
			path = Extensions;
			sourceTree = "<group>";
		};
		EC57E4092811E33800ED789D /* View */ = {
			isa = PBXGroup;
			children = (
				EC57E3FC280E3B3C00ED789D /* RegisterViewController.swift */,
				EC57E40B2811E33800ED789D /* DropDownTextField.swift */,
				EC57E40A2811E33800ED789D /* DropDownCell.swift */,
			);
			path = View;
			sourceTree = "<group>";
		};
/* End PBXGroup section */

/* Begin PBXNativeTarget section */
		EC57E3DE280E397C00ED789D /* ProyectoMoy */ = {
			isa = PBXNativeTarget;
			buildConfigurationList = EC57E3F3280E397C00ED789D /* Build configuration list for PBXNativeTarget "ProyectoMoy" */;
			buildPhases = (
				EC57E3DB280E397C00ED789D /* Sources */,
				EC57E3DC280E397C00ED789D /* Frameworks */,
				EC57E3DD280E397C00ED789D /* Resources */,
			);
			buildRules = (
			);
			dependencies = (
			);
			name = ProyectoMoy;
			productName = ProyectoMoy;
			productReference = EC57E3DF280E397C00ED789D /* ProyectoMoy.app */;
			productType = "com.apple.product-type.application";
		};
/* End PBXNativeTarget section */

/* Begin PBXProject section */
		EC57E3D7280E397C00ED789D /* Project object */ = {
			isa = PBXProject;
			attributes = {
				BuildIndependentTargetsInParallel = 1;
				LastSwiftUpdateCheck = 1330;
				LastUpgradeCheck = 1330;
				TargetAttributes = {
					EC57E3DE280E397C00ED789D = {
						CreatedOnToolsVersion = 13.3.1;
					};
				};
			};
			buildConfigurationList = EC57E3DA280E397C00ED789D /* Build configuration list for PBXProject "ProyectoMoy" */;
			compatibilityVersion = "Xcode 13.0";
			developmentRegion = en;
			hasScannedForEncodings = 0;
			knownRegions = (
				en,
				Base,
			);
			mainGroup = EC57E3D6280E397C00ED789D;
			productRefGroup = EC57E3E0280E397C00ED789D /* Products */;
			projectDirPath = "";
			projectRoot = "";
			targets = (
				EC57E3DE280E397C00ED789D /* ProyectoMoy */,
			);
		};
/* End PBXProject section */

/* Begin PBXResourcesBuildPhase section */
		EC57E3DD280E397C00ED789D /* Resources */ = {
			isa = PBXResourcesBuildPhase;
			buildActionMask = 2147483647;
			files = (
				EC57E3EF280E397C00ED789D /* LaunchScreen.storyboard in Resources */,
				EC57E3EC280E397C00ED789D /* Assets.xcassets in Resources */,
				EC57E3EA280E397C00ED789D /* Main.storyboard in Resources */,
			);
			runOnlyForDeploymentPostprocessing = 0;
		};
/* End PBXResourcesBuildPhase section */

/* Begin PBXSourcesBuildPhase section */
		EC57E3DB280E397C00ED789D /* Sources */ = {
			isa = PBXSourcesBuildPhase;
			buildActionMask = 2147483647;
			files = (
				EC57E40C2811E33800ED789D /* DropDownCell.swift in Sources */,
				EC57E3E7280E397C00ED789D /* ViewController.swift in Sources */,
				EC57E3E3280E397C00ED789D /* AppDelegate.swift in Sources */,
				EC57E3FD280E3B3C00ED789D /* RegisterViewController.swift in Sources */,
				EC57E40D2811E33800ED789D /* DropDownTextField.swift in Sources */,
				EC8C0F46281218580056867F /* UITextField+Extension.swift in Sources */,
				EC57E3F9280E399F00ED789D /* UIView+Extension.swift in Sources */,
				EC57E3E5280E397C00ED789D /* SceneDelegate.swift in Sources */,
				EC57E3FB280E399F00ED789D /* UsesAutoLayout.swift in Sources */,
				EC57E3FA280E399F00ED789D /* UIHeyJudeTextField.swift in Sources */,
			);
			runOnlyForDeploymentPostprocessing = 0;
		};
/* End PBXSourcesBuildPhase section */

/* Begin PBXVariantGroup section */
		EC57E3E8280E397C00ED789D /* Main.storyboard */ = {
			isa = PBXVariantGroup;
			children = (
				EC57E3E9280E397C00ED789D /* Base */,
			);
			name = Main.storyboard;
			sourceTree = "<group>";
		};
		EC57E3ED280E397C00ED789D /* LaunchScreen.storyboard */ = {
			isa = PBXVariantGroup;
			children = (
				EC57E3EE280E397C00ED789D /* Base */,
			);
			name = LaunchScreen.storyboard;
			sourceTree = "<group>";
		};
/* End PBXVariantGroup section */

/* Begin XCBuildConfiguration section */
		EC57E3F1280E397C00ED789D /* Debug */ = {
			isa = XCBuildConfiguration;
			buildSettings = {
				ALWAYS_SEARCH_USER_PATHS = NO;
				CLANG_ANALYZER_NONNULL = YES;
				CLANG_ANALYZER_NUMBER_OBJECT_CONVERSION = YES_AGGRESSIVE;
				CLANG_CXX_LANGUAGE_STANDARD = "gnu++17";
				CLANG_ENABLE_MODULES = YES;
				CLANG_ENABLE_OBJC_ARC = YES;
				CLANG_ENABLE_OBJC_WEAK = YES;
				CLANG_WARN_BLOCK_CAPTURE_AUTORELEASING = YES;
				CLANG_WARN_BOOL_CONVERSION = YES;
				CLANG_WARN_COMMA = YES;
				CLANG_WARN_CONSTANT_CONVERSION = YES;
				CLANG_WARN_DEPRECATED_OBJC_IMPLEMENTATIONS = YES;
				CLANG_WARN_DIRECT_OBJC_ISA_USAGE = YES_ERROR;
				CLANG_WARN_DOCUMENTATION_COMMENTS = YES;
				CLANG_WARN_EMPTY_BODY = YES;
				CLANG_WARN_ENUM_CONVERSION = YES;
				CLANG_WARN_INFINITE_RECURSION = YES;
				CLANG_WARN_INT_CONVERSION = YES;
				CLANG_WARN_NON_LITERAL_NULL_CONVERSION = YES;
				CLANG_WARN_OBJC_IMPLICIT_RETAIN_SELF = YES;
				CLANG_WARN_OBJC_LITERAL_CONVERSION = YES;
				CLANG_WARN_OBJC_ROOT_CLASS = YES_ERROR;
				CLANG_WARN_QUOTED_INCLUDE_IN_FRAMEWORK_HEADER = YES;
				CLANG_WARN_RANGE_LOOP_ANALYSIS = YES;
				CLANG_WARN_STRICT_PROTOTYPES = YES;
				CLANG_WARN_SUSPICIOUS_MOVE = YES;
				CLANG_WARN_UNGUARDED_AVAILABILITY = YES_AGGRESSIVE;
				CLANG_WARN_UNREACHABLE_CODE = YES;
				CLANG_WARN__DUPLICATE_METHOD_MATCH = YES;
				COPY_PHASE_STRIP = NO;
				DEBUG_INFORMATION_FORMAT = dwarf;
				ENABLE_STRICT_OBJC_MSGSEND = YES;
				ENABLE_TESTABILITY = YES;
				GCC_C_LANGUAGE_STANDARD = gnu11;
				GCC_DYNAMIC_NO_PIC = NO;
				GCC_NO_COMMON_BLOCKS = YES;
				GCC_OPTIMIZATION_LEVEL = 0;
				GCC_PREPROCESSOR_DEFINITIONS = (
					"DEBUG=1",
					"$(inherited)",
				);
				GCC_WARN_64_TO_32_BIT_CONVERSION = YES;
				GCC_WARN_ABOUT_RETURN_TYPE = YES_ERROR;
				GCC_WARN_UNDECLARED_SELECTOR = YES;
				GCC_WARN_UNINITIALIZED_AUTOS = YES_AGGRESSIVE;
				GCC_WARN_UNUSED_FUNCTION = YES;
				GCC_WARN_UNUSED_VARIABLE = YES;
				IPHONEOS_DEPLOYMENT_TARGET = 15.4;
				MTL_ENABLE_DEBUG_INFO = INCLUDE_SOURCE;
				MTL_FAST_MATH = YES;
				ONLY_ACTIVE_ARCH = YES;
				SDKROOT = iphoneos;
				SWIFT_ACTIVE_COMPILATION_CONDITIONS = DEBUG;
				SWIFT_OPTIMIZATION_LEVEL = "-Onone";
			};
			name = Debug;
		};
		EC57E3F2280E397C00ED789D /* Release */ = {
			isa = XCBuildConfiguration;
			buildSettings = {
				ALWAYS_SEARCH_USER_PATHS = NO;
				CLANG_ANALYZER_NONNULL = YES;
				CLANG_ANALYZER_NUMBER_OBJECT_CONVERSION = YES_AGGRESSIVE;
				CLANG_CXX_LANGUAGE_STANDARD = "gnu++17";
				CLANG_ENABLE_MODULES = YES;
				CLANG_ENABLE_OBJC_ARC = YES;
				CLANG_ENABLE_OBJC_WEAK = YES;
				CLANG_WARN_BLOCK_CAPTURE_AUTORELEASING = YES;
				CLANG_WARN_BOOL_CONVERSION = YES;
				CLANG_WARN_COMMA = YES;
				CLANG_WARN_CONSTANT_CONVERSION = YES;
				CLANG_WARN_DEPRECATED_OBJC_IMPLEMENTATIONS = YES;
				CLANG_WARN_DIRECT_OBJC_ISA_USAGE = YES_ERROR;
				CLANG_WARN_DOCUMENTATION_COMMENTS = YES;
				CLANG_WARN_EMPTY_BODY = YES;
				CLANG_WARN_ENUM_CONVERSION = YES;
				CLANG_WARN_INFINITE_RECURSION = YES;
				CLANG_WARN_INT_CONVERSION = YES;
				CLANG_WARN_NON_LITERAL_NULL_CONVERSION = YES;
				CLANG_WARN_OBJC_IMPLICIT_RETAIN_SELF = YES;
				CLANG_WARN_OBJC_LITERAL_CONVERSION = YES;
				CLANG_WARN_OBJC_ROOT_CLASS = YES_ERROR;
				CLANG_WARN_QUOTED_INCLUDE_IN_FRAMEWORK_HEADER = YES;
				CLANG_WARN_RANGE_LOOP_ANALYSIS = YES;
				CLANG_WARN_STRICT_PROTOTYPES = YES;
				CLANG_WARN_SUSPICIOUS_MOVE = YES;
				CLANG_WARN_UNGUARDED_AVAILABILITY = YES_AGGRESSIVE;
				CLANG_WARN_UNREACHABLE_CODE = YES;
				CLANG_WARN__DUPLICATE_METHOD_MATCH = YES;
				COPY_PHASE_STRIP = NO;
				DEBUG_INFORMATION_FORMAT = "dwarf-with-dsym";
				ENABLE_NS_ASSERTIONS = NO;
				ENABLE_STRICT_OBJC_MSGSEND = YES;
				GCC_C_LANGUAGE_STANDARD = gnu11;
				GCC_NO_COMMON_BLOCKS = YES;
				GCC_WARN_64_TO_32_BIT_CONVERSION = YES;
				GCC_WARN_ABOUT_RETURN_TYPE = YES_ERROR;
				GCC_WARN_UNDECLARED_SELECTOR = YES;
				GCC_WARN_UNINITIALIZED_AUTOS = YES_AGGRESSIVE;
				GCC_WARN_UNUSED_FUNCTION = YES;
				GCC_WARN_UNUSED_VARIABLE = YES;
				IPHONEOS_DEPLOYMENT_TARGET = 15.4;
				MTL_ENABLE_DEBUG_INFO = NO;
				MTL_FAST_MATH = YES;
				SDKROOT = iphoneos;
				SWIFT_COMPILATION_MODE = wholemodule;
				SWIFT_OPTIMIZATION_LEVEL = "-O";
				VALIDATE_PRODUCT = YES;
			};
			name = Release;
		};
		EC57E3F4280E397C00ED789D /* Debug */ = {
			isa = XCBuildConfiguration;
			buildSettings = {
				ASSETCATALOG_COMPILER_APPICON_NAME = AppIcon;
				ASSETCATALOG_COMPILER_GLOBAL_ACCENT_COLOR_NAME = AccentColor;
				CODE_SIGN_STYLE = Automatic;
				CURRENT_PROJECT_VERSION = 1;
				DEVELOPMENT_TEAM = NA39TN9Y3A;
				GENERATE_INFOPLIST_FILE = YES;
				INFOPLIST_FILE = ProyectoMoy/Info.plist;
				INFOPLIST_KEY_UIApplicationSupportsIndirectInputEvents = YES;
				INFOPLIST_KEY_UILaunchStoryboardName = LaunchScreen;
				INFOPLIST_KEY_UIMainStoryboardFile = Main;
				INFOPLIST_KEY_UISupportedInterfaceOrientations_iPad = "UIInterfaceOrientationPortrait UIInterfaceOrientationPortraitUpsideDown UIInterfaceOrientationLandscapeLeft UIInterfaceOrientationLandscapeRight";
				INFOPLIST_KEY_UISupportedInterfaceOrientations_iPhone = "UIInterfaceOrientationPortrait UIInterfaceOrientationLandscapeLeft UIInterfaceOrientationLandscapeRight";
				LD_RUNPATH_SEARCH_PATHS = (
					"$(inherited)",
					"@executable_path/Frameworks",
				);
				MARKETING_VERSION = 1.0;
				PRODUCT_BUNDLE_IDENTIFIER = JavierCanto.ProyectoMoy;
				PRODUCT_NAME = "$(TARGET_NAME)";
				SWIFT_EMIT_LOC_STRINGS = YES;
				SWIFT_VERSION = 5.0;
				TARGETED_DEVICE_FAMILY = "1,2";
			};
			name = Debug;
		};
		EC57E3F5280E397C00ED789D /* Release */ = {
			isa = XCBuildConfiguration;
			buildSettings = {
				ASSETCATALOG_COMPILER_APPICON_NAME = AppIcon;
				ASSETCATALOG_COMPILER_GLOBAL_ACCENT_COLOR_NAME = AccentColor;
				CODE_SIGN_STYLE = Automatic;
				CURRENT_PROJECT_VERSION = 1;
				DEVELOPMENT_TEAM = NA39TN9Y3A;
				GENERATE_INFOPLIST_FILE = YES;
				INFOPLIST_FILE = ProyectoMoy/Info.plist;
				INFOPLIST_KEY_UIApplicationSupportsIndirectInputEvents = YES;
				INFOPLIST_KEY_UILaunchStoryboardName = LaunchScreen;
				INFOPLIST_KEY_UIMainStoryboardFile = Main;
				INFOPLIST_KEY_UISupportedInterfaceOrientations_iPad = "UIInterfaceOrientationPortrait UIInterfaceOrientationPortraitUpsideDown UIInterfaceOrientationLandscapeLeft UIInterfaceOrientationLandscapeRight";
				INFOPLIST_KEY_UISupportedInterfaceOrientations_iPhone = "UIInterfaceOrientationPortrait UIInterfaceOrientationLandscapeLeft UIInterfaceOrientationLandscapeRight";
				LD_RUNPATH_SEARCH_PATHS = (
					"$(inherited)",
					"@executable_path/Frameworks",
				);
				MARKETING_VERSION = 1.0;
				PRODUCT_BUNDLE_IDENTIFIER = JavierCanto.ProyectoMoy;
				PRODUCT_NAME = "$(TARGET_NAME)";
				SWIFT_EMIT_LOC_STRINGS = YES;
				SWIFT_VERSION = 5.0;
				TARGETED_DEVICE_FAMILY = "1,2";
			};
			name = Release;
		};
/* End XCBuildConfiguration section */

/* Begin XCConfigurationList section */
		EC57E3DA280E397C00ED789D /* Build configuration list for PBXProject "ProyectoMoy" */ = {
			isa = XCConfigurationList;
			buildConfigurations = (
				EC57E3F1280E397C00ED789D /* Debug */,
				EC57E3F2280E397C00ED789D /* Release */,
			);
			defaultConfigurationIsVisible = 0;
			defaultConfigurationName = Release;
		};
		EC57E3F3280E397C00ED789D /* Build configuration list for PBXNativeTarget "ProyectoMoy" */ = {
			isa = XCConfigurationList;
			buildConfigurations = (
				EC57E3F4280E397C00ED789D /* Debug */,
				EC57E3F5280E397C00ED789D /* Release */,
			);
			defaultConfigurationIsVisible = 0;
			defaultConfigurationName = Release;
		};
/* End XCConfigurationList section */
	};
	rootObject = EC57E3D7280E397C00ED789D /* Project object */;
}
